
Microsoft Visual Studio Solution File, Format Version 12.00
# Visual Studio Version 17
VisualStudioVersion = 17.0.31903.59
MinimumVisualStudioVersion = 10.0.40219.1
Project("{FAE04EC0-301F-11D3-BF4B-00C04F79EFBC}") = "AccessKeyRotation", "src\AccessKeyRotation\AccessKeyRotation.csproj", "{A2197FDA-E50D-4334-98BE-34E059E021F1}"
EndProject
Project("{FAE04EC0-301F-11D3-BF4B-00C04F79EFBC}") = "AccessKeyRotation.Tests", "tests\AccessKeyRotation.Tests\AccessKeyRotation.Tests.csproj", "{1B72A4FE-A3F0-419D-94A5-D5F6269ED9DF}"
EndProject
Project("{FAE04EC0-301F-11D3-BF4B-00C04F79EFBC}") = "AccessKeyActions", "src\AccessKeyActions\AccessKeyActions.csproj", "{B9A1BFA9-DCDA-4D22-8EA5-3112598AF60E}"
EndProject
Project("{FAE04EC0-301F-11D3-BF4B-00C04F79EFBC}") = "AccessKeyActions.Tests", "tests\AccessKeyActions.Tests\AccessKeyActions.Tests.csproj", "{BC30979E-D740-4305-8808-462CDDA9DEFB}"
EndProject
Project("{FAE04EC0-301F-11D3-BF4B-00C04F79EFBC}") = "IamAccessKeyRotation.Cdk", "cdk\IamAccessKeyRotation.Cdk\IamAccessKeyRotation.Cdk.csproj", "{C3DB5191-D87D-404C-A039-22F5444054F6}"
EndProject
Global
	GlobalSection(SolutionConfigurationPlatforms) = preSolution
		Debug|Any CPU = Debug|Any CPU
		Release|Any CPU = Release|Any CPU
	EndGlobalSection
	GlobalSection(SolutionProperties) = preSolution
		HideSolutionNode = FALSE
	EndGlobalSection
	GlobalSection(ProjectConfigurationPlatforms) = postSolution
		{A2197FDA-E50D-4334-98BE-34E059E021F1}.Debug|Any CPU.ActiveCfg = Debug|Any CPU
		{A2197FDA-E50D-4334-98BE-34E059E021F1}.Debug|Any CPU.Build.0 = Debug|Any CPU
		{A2197FDA-E50D-4334-98BE-34E059E021F1}.Release|Any CPU.ActiveCfg = Release|Any CPU
		{A2197FDA-E50D-4334-98BE-34E059E021F1}.Release|Any CPU.Build.0 = Release|Any CPU
		{1B72A4FE-A3F0-419D-94A5-D5F6269ED9DF}.Debug|Any CPU.ActiveCfg = Debug|Any CPU
		{1B72A4FE-A3F0-419D-94A5-D5F6269ED9DF}.Debug|Any CPU.Build.0 = Debug|Any CPU
		{1B72A4FE-A3F0-419D-94A5-D5F6269ED9DF}.Release|Any CPU.ActiveCfg = Release|Any CPU
		{1B72A4FE-A3F0-419D-94A5-D5F6269ED9DF}.Release|Any CPU.Build.0 = Release|Any CPU
		{B9A1BFA9-DCDA-4D22-8EA5-3112598AF60E}.Debug|Any CPU.ActiveCfg = Debug|Any CPU
		{B9A1BFA9-DCDA-4D22-8EA5-3112598AF60E}.Debug|Any CPU.Build.0 = Debug|Any CPU
		{B9A1BFA9-DCDA-4D22-8EA5-3112598AF60E}.Release|Any CPU.ActiveCfg = Release|Any CPU
		{B9A1BFA9-DCDA-4D22-8EA5-3112598AF60E}.Release|Any CPU.Build.0 = Release|Any CPU
		{BC30979E-D740-4305-8808-462CDDA9DEFB}.Debug|Any CPU.ActiveCfg = Debug|Any CPU
		{BC30979E-D740-4305-8808-462CDDA9DEFB}.Debug|Any CPU.Build.0 = Debug|Any CPU
		{BC30979E-D740-4305-8808-462CDDA9DEFB}.Release|Any CPU.ActiveCfg = Release|Any CPU
		{BC30979E-D740-4305-8808-462CDDA9DEFB}.Release|Any CPU.Build.0 = Release|Any CPU
		{C3DB5191-D87D-404C-A039-22F5444054F6}.Debug|Any CPU.ActiveCfg = Debug|Any CPU
		{C3DB5191-D87D-404C-A039-22F5444054F6}.Debug|Any CPU.Build.0 = Debug|Any CPU
		{C3DB5191-D87D-404C-A039-22F5444054F6}.Release|Any CPU.ActiveCfg = Release|Any CPU
		{C3DB5191-D87D-404C-A039-22F5444054F6}.Release|Any CPU.Build.0 = Release|Any CPU
	EndGlobalSection
EndGlobal
